
Microsoft Visual Studio Solution File, Format Version 12.00
# Visual Studio Version 16
VisualStudioVersion = 16.0.29519.87
MinimumVisualStudioVersion = 10.0.40219.1
Project("{FAE04EC0-301F-11D3-BF4B-00C04F79EFBC}") = "IEI-TelefonosBuscar", "IEI-TelefonosBuscar.csproj", "{B5B919D0-779E-4C08-950E-1D430A32E640}"
EndProject
Global
	GlobalSection(SolutionConfigurationPlatforms) = preSolution
		Debug|Any CPU = Debug|Any CPU
		Release|Any CPU = Release|Any CPU
	EndGlobalSection
	GlobalSection(ProjectConfigurationPlatforms) = postSolution
		{B5B919D0-779E-4C08-950E-1D430A32E640}.Debug|Any CPU.ActiveCfg = Debug|Any CPU
		{B5B919D0-779E-4C08-950E-1D430A32E640}.Debug|Any CPU.Build.0 = Debug|Any CPU
		{B5B919D0-779E-4C08-950E-1D430A32E640}.Release|Any CPU.ActiveCfg = Release|Any CPU
		{B5B919D0-779E-4C08-950E-1D430A32E640}.Release|Any CPU.Build.0 = Release|Any CPU
	EndGlobalSection
	GlobalSection(SolutionProperties) = preSolution
		HideSolutionNode = FALSE
	EndGlobalSection
	GlobalSection(ExtensibilityGlobals) = postSolution
		SolutionGuid = {1E30DE35-1037-4579-B853-F21FFC34CE83}
	EndGlobalSection
EndGlobal
